
Microsoft Visual Studio Solution File, Format Version 12.00
Project("{FAE04EC0-301F-11D3-BF4B-00C04F79EFBC}") = "UserApi", "UserApi\UserApi.csproj", "{6FABA81D-D7C7-4E4E-BFA2-2E6D50D6E73F}"
EndProject
Global
	GlobalSection(SolutionConfigurationPlatforms) = preSolution
		Debug|Any CPU = Debug|Any CPU
		Release|Any CPU = Release|Any CPU
	EndGlobalSection
	GlobalSection(ProjectConfigurationPlatforms) = postSolution
		{6FABA81D-D7C7-4E4E-BFA2-2E6D50D6E73F}.Debug|Any CPU.ActiveCfg = Debug|Any CPU
		{6FABA81D-D7C7-4E4E-BFA2-2E6D50D6E73F}.Debug|Any CPU.Build.0 = Debug|Any CPU
		{6FABA81D-D7C7-4E4E-BFA2-2E6D50D6E73F}.Release|Any CPU.ActiveCfg = Release|Any CPU
		{6FABA81D-D7C7-4E4E-BFA2-2E6D50D6E73F}.Release|Any CPU.Build.0 = Release|Any CPU
	EndGlobalSection
EndGlobal
